
Microsoft Visual Studio Solution File, Format Version 12.00
# Visual Studio Version 17
VisualStudioVersion = 17.2.32630.192
MinimumVisualStudioVersion = 10.0.40219.1
Project("{FAE04EC0-301F-11D3-BF4B-00C04F79EFBC}") = "Meetups", "Meetups\Meetups.csproj", "{5AEF1DAE-95BF-4F42-A899-7A0F325DF677}"
EndProject
Global
	GlobalSection(SolutionConfigurationPlatforms) = preSolution
		Debug|Any CPU = Debug|Any CPU
		Release|Any CPU = Release|Any CPU
	EndGlobalSection
	GlobalSection(ProjectConfigurationPlatforms) = postSolution
		{5AEF1DAE-95BF-4F42-A899-7A0F325DF677}.Debug|Any CPU.ActiveCfg = Debug|Any CPU
		{5AEF1DAE-95BF-4F42-A899-7A0F325DF677}.Debug|Any CPU.Build.0 = Debug|Any CPU
		{5AEF1DAE-95BF-4F42-A899-7A0F325DF677}.Release|Any CPU.ActiveCfg = Release|Any CPU
		{5AEF1DAE-95BF-4F42-A899-7A0F325DF677}.Release|Any CPU.Build.0 = Release|Any CPU
	EndGlobalSection
	GlobalSection(SolutionProperties) = preSolution
		HideSolutionNode = FALSE
	EndGlobalSection
	GlobalSection(ExtensibilityGlobals) = postSolution
		SolutionGuid = {ECCE83CB-C7A7-4353-B8E3-783514C6F265}
	EndGlobalSection
EndGlobal
